// !$*UTF8*$!
{
	archiveVersion = 1;
	classes = {
	};
	objectVersion = 48;
	objects = {

/* Begin PBXBuildFile section */
		227C12311FF861B7004F1F84 /* USDAFoodCompositionDatabasesAPI.framework in Frameworks */ = {isa = PBXBuildFile; fileRef = 227C12271FF861B7004F1F84 /* USDAFoodCompositionDatabasesAPI.framework */; };
		227C12361FF861B7004F1F84 /* USDAFoodCompositionDatabasesAPITests.swift in Sources */ = {isa = PBXBuildFile; fileRef = 227C12351FF861B7004F1F84 /* USDAFoodCompositionDatabasesAPITests.swift */; };
		227C12381FF861B7004F1F84 /* USDAFoodCompositionDatabasesAPI.h in Headers */ = {isa = PBXBuildFile; fileRef = 227C122A1FF861B7004F1F84 /* USDAFoodCompositionDatabasesAPI.h */; settings = {ATTRIBUTES = (Public, ); }; };
		227C12721FF88071004F1F84 /* ListReport.swift in Sources */ = {isa = PBXBuildFile; fileRef = 227C12631FF88071004F1F84 /* ListReport.swift */; };
		227C12731FF88071004F1F84 /* ListReport+Item.swift in Sources */ = {isa = PBXBuildFile; fileRef = 227C12641FF88071004F1F84 /* ListReport+Item.swift */; };
		227C12741FF88071004F1F84 /* SearchReport.swift in Sources */ = {isa = PBXBuildFile; fileRef = 227C12661FF88071004F1F84 /* SearchReport.swift */; };
		227C12751FF88071004F1F84 /* SearchReport+Item.swift in Sources */ = {isa = PBXBuildFile; fileRef = 227C12671FF88071004F1F84 /* SearchReport+Item.swift */; };
		227C12761FF88071004F1F84 /* FoodReport+Description.swift in Sources */ = {isa = PBXBuildFile; fileRef = 227C12691FF88071004F1F84 /* FoodReport+Description.swift */; };
		227C12771FF88071004F1F84 /* FoodReport.swift in Sources */ = {isa = PBXBuildFile; fileRef = 227C126A1FF88071004F1F84 /* FoodReport.swift */; };
		227C12781FF88071004F1F84 /* FoodReport+Bibliography.swift in Sources */ = {isa = PBXBuildFile; fileRef = 227C126B1FF88071004F1F84 /* FoodReport+Bibliography.swift */; };
		227C12791FF88071004F1F84 /* FoodReport+Nutrient.swift in Sources */ = {isa = PBXBuildFile; fileRef = 227C126C1FF88071004F1F84 /* FoodReport+Nutrient.swift */; };
		227C127A1FF88071004F1F84 /* FoodReport+Ingredient.swift in Sources */ = {isa = PBXBuildFile; fileRef = 227C126D1FF88071004F1F84 /* FoodReport+Ingredient.swift */; };
		227C127B1FF88071004F1F84 /* NutrientReport.swift in Sources */ = {isa = PBXBuildFile; fileRef = 227C126F1FF88071004F1F84 /* NutrientReport.swift */; };
		227C127C1FF88071004F1F84 /* NutrientReport+Food.swift in Sources */ = {isa = PBXBuildFile; fileRef = 227C12701FF88071004F1F84 /* NutrientReport+Food.swift */; };
		227C127D1FF88071004F1F84 /* USDAAPI.swift in Sources */ = {isa = PBXBuildFile; fileRef = 227C12711FF88071004F1F84 /* USDAAPI.swift */; };
/* End PBXBuildFile section */

/* Begin PBXContainerItemProxy section */
		227C12321FF861B7004F1F84 /* PBXContainerItemProxy */ = {
			isa = PBXContainerItemProxy;
			containerPortal = 227C121E1FF861B7004F1F84 /* Project object */;
			proxyType = 1;
			remoteGlobalIDString = 227C12261FF861B7004F1F84;
			remoteInfo = USDAFoodCompositionDatabasesAPI;
		};
/* End PBXContainerItemProxy section */

/* Begin PBXFileReference section */
		227C12271FF861B7004F1F84 /* USDAFoodCompositionDatabasesAPI.framework */ = {isa = PBXFileReference; explicitFileType = wrapper.framework; includeInIndex = 0; path = USDAFoodCompositionDatabasesAPI.framework; sourceTree = BUILT_PRODUCTS_DIR; };
		227C122A1FF861B7004F1F84 /* USDAFoodCompositionDatabasesAPI.h */ = {isa = PBXFileReference; lastKnownFileType = sourcecode.c.h; path = USDAFoodCompositionDatabasesAPI.h; sourceTree = "<group>"; };
		227C122B1FF861B7004F1F84 /* Info.plist */ = {isa = PBXFileReference; lastKnownFileType = text.plist.xml; path = Info.plist; sourceTree = "<group>"; };
		227C12301FF861B7004F1F84 /* USDAFoodCompositionDatabasesAPITests.xctest */ = {isa = PBXFileReference; explicitFileType = wrapper.cfbundle; includeInIndex = 0; path = USDAFoodCompositionDatabasesAPITests.xctest; sourceTree = BUILT_PRODUCTS_DIR; };
		227C12351FF861B7004F1F84 /* USDAFoodCompositionDatabasesAPITests.swift */ = {isa = PBXFileReference; lastKnownFileType = sourcecode.swift; path = USDAFoodCompositionDatabasesAPITests.swift; sourceTree = "<group>"; };
		227C12371FF861B7004F1F84 /* Info.plist */ = {isa = PBXFileReference; lastKnownFileType = text.plist.xml; path = Info.plist; sourceTree = "<group>"; };
		227C12631FF88071004F1F84 /* ListReport.swift */ = {isa = PBXFileReference; fileEncoding = 4; lastKnownFileType = sourcecode.swift; path = ListReport.swift; sourceTree = "<group>"; };
		227C12641FF88071004F1F84 /* ListReport+Item.swift */ = {isa = PBXFileReference; fileEncoding = 4; lastKnownFileType = sourcecode.swift; path = "ListReport+Item.swift"; sourceTree = "<group>"; };
		227C12661FF88071004F1F84 /* SearchReport.swift */ = {isa = PBXFileReference; fileEncoding = 4; lastKnownFileType = sourcecode.swift; path = SearchReport.swift; sourceTree = "<group>"; };
		227C12671FF88071004F1F84 /* SearchReport+Item.swift */ = {isa = PBXFileReference; fileEncoding = 4; lastKnownFileType = sourcecode.swift; path = "SearchReport+Item.swift"; sourceTree = "<group>"; };
		227C12691FF88071004F1F84 /* FoodReport+Description.swift */ = {isa = PBXFileReference; fileEncoding = 4; lastKnownFileType = sourcecode.swift; path = "FoodReport+Description.swift"; sourceTree = "<group>"; };
		227C126A1FF88071004F1F84 /* FoodReport.swift */ = {isa = PBXFileReference; fileEncoding = 4; lastKnownFileType = sourcecode.swift; path = FoodReport.swift; sourceTree = "<group>"; };
		227C126B1FF88071004F1F84 /* FoodReport+Bibliography.swift */ = {isa = PBXFileReference; fileEncoding = 4; lastKnownFileType = sourcecode.swift; path = "FoodReport+Bibliography.swift"; sourceTree = "<group>"; };
		227C126C1FF88071004F1F84 /* FoodReport+Nutrient.swift */ = {isa = PBXFileReference; fileEncoding = 4; lastKnownFileType = sourcecode.swift; path = "FoodReport+Nutrient.swift"; sourceTree = "<group>"; };
		227C126D1FF88071004F1F84 /* FoodReport+Ingredient.swift */ = {isa = PBXFileReference; fileEncoding = 4; lastKnownFileType = sourcecode.swift; path = "FoodReport+Ingredient.swift"; sourceTree = "<group>"; };
		227C126F1FF88071004F1F84 /* NutrientReport.swift */ = {isa = PBXFileReference; fileEncoding = 4; lastKnownFileType = sourcecode.swift; path = NutrientReport.swift; sourceTree = "<group>"; };
		227C12701FF88071004F1F84 /* NutrientReport+Food.swift */ = {isa = PBXFileReference; fileEncoding = 4; lastKnownFileType = sourcecode.swift; path = "NutrientReport+Food.swift"; sourceTree = "<group>"; };
		227C12711FF88071004F1F84 /* USDAAPI.swift */ = {isa = PBXFileReference; fileEncoding = 4; lastKnownFileType = sourcecode.swift; path = USDAAPI.swift; sourceTree = "<group>"; };
/* End PBXFileReference section */

/* Begin PBXFrameworksBuildPhase section */
		227C12231FF861B7004F1F84 /* Frameworks */ = {
			isa = PBXFrameworksBuildPhase;
			buildActionMask = 2147483647;
			files = (
			);
			runOnlyForDeploymentPostprocessing = 0;
		};
		227C122D1FF861B7004F1F84 /* Frameworks */ = {
			isa = PBXFrameworksBuildPhase;
			buildActionMask = 2147483647;
			files = (
				227C12311FF861B7004F1F84 /* USDAFoodCompositionDatabasesAPI.framework in Frameworks */,
			);
			runOnlyForDeploymentPostprocessing = 0;
		};
/* End PBXFrameworksBuildPhase section */

/* Begin PBXGroup section */
		227C121D1FF861B7004F1F84 = {
			isa = PBXGroup;
			children = (
				227C12291FF861B7004F1F84 /* USDAFoodCompositionDatabasesAPI */,
				227C12341FF861B7004F1F84 /* USDAFoodCompositionDatabasesAPITests */,
				227C12281FF861B7004F1F84 /* Products */,
			);
			sourceTree = "<group>";
		};
		227C12281FF861B7004F1F84 /* Products */ = {
			isa = PBXGroup;
			children = (
				227C12271FF861B7004F1F84 /* USDAFoodCompositionDatabasesAPI.framework */,
				227C12301FF861B7004F1F84 /* USDAFoodCompositionDatabasesAPITests.xctest */,
			);
			name = Products;
			sourceTree = "<group>";
		};
		227C12291FF861B7004F1F84 /* USDAFoodCompositionDatabasesAPI */ = {
			isa = PBXGroup;
			children = (
				227C122A1FF861B7004F1F84 /* USDAFoodCompositionDatabasesAPI.h */,
				227C12611FF88071004F1F84 /* Model */,
				227C12711FF88071004F1F84 /* USDAAPI.swift */,
				227C122B1FF861B7004F1F84 /* Info.plist */,
			);
			path = USDAFoodCompositionDatabasesAPI;
			sourceTree = "<group>";
		};
		227C12341FF861B7004F1F84 /* USDAFoodCompositionDatabasesAPITests */ = {
			isa = PBXGroup;
			children = (
				227C12351FF861B7004F1F84 /* USDAFoodCompositionDatabasesAPITests.swift */,
				227C12371FF861B7004F1F84 /* Info.plist */,
			);
			path = USDAFoodCompositionDatabasesAPITests;
			sourceTree = "<group>";
		};
		227C12611FF88071004F1F84 /* Model */ = {
			isa = PBXGroup;
			children = (
				227C12621FF88071004F1F84 /* ListReport */,
				227C12651FF88071004F1F84 /* SearchReport */,
				227C12681FF88071004F1F84 /* FoodReport */,
				227C126E1FF88071004F1F84 /* NutrientReport */,
			);
			path = Model;
			sourceTree = "<group>";
		};
		227C12621FF88071004F1F84 /* ListReport */ = {
			isa = PBXGroup;
			children = (
				227C12631FF88071004F1F84 /* ListReport.swift */,
				227C12641FF88071004F1F84 /* ListReport+Item.swift */,
			);
			path = ListReport;
			sourceTree = "<group>";
		};
		227C12651FF88071004F1F84 /* SearchReport */ = {
			isa = PBXGroup;
			children = (
				227C12661FF88071004F1F84 /* SearchReport.swift */,
				227C12671FF88071004F1F84 /* SearchReport+Item.swift */,
			);
			path = SearchReport;
			sourceTree = "<group>";
		};
		227C12681FF88071004F1F84 /* FoodReport */ = {
			isa = PBXGroup;
			children = (
				227C12691FF88071004F1F84 /* FoodReport+Description.swift */,
				227C126A1FF88071004F1F84 /* FoodReport.swift */,
				227C126B1FF88071004F1F84 /* FoodReport+Bibliography.swift */,
				227C126C1FF88071004F1F84 /* FoodReport+Nutrient.swift */,
				227C126D1FF88071004F1F84 /* FoodReport+Ingredient.swift */,
			);
			path = FoodReport;
			sourceTree = "<group>";
		};
		227C126E1FF88071004F1F84 /* NutrientReport */ = {
			isa = PBXGroup;
			children = (
				227C126F1FF88071004F1F84 /* NutrientReport.swift */,
				227C12701FF88071004F1F84 /* NutrientReport+Food.swift */,
			);
			path = NutrientReport;
			sourceTree = "<group>";
		};
/* End PBXGroup section */

/* Begin PBXHeadersBuildPhase section */
		227C12241FF861B7004F1F84 /* Headers */ = {
			isa = PBXHeadersBuildPhase;
			buildActionMask = 2147483647;
			files = (
				227C12381FF861B7004F1F84 /* USDAFoodCompositionDatabasesAPI.h in Headers */,
			);
			runOnlyForDeploymentPostprocessing = 0;
		};
/* End PBXHeadersBuildPhase section */

/* Begin PBXNativeTarget section */
		227C12261FF861B7004F1F84 /* USDAFoodCompositionDatabasesAPI */ = {
			isa = PBXNativeTarget;
			buildConfigurationList = 227C123B1FF861B7004F1F84 /* Build configuration list for PBXNativeTarget "USDAFoodCompositionDatabasesAPI" */;
			buildPhases = (
				227C12221FF861B7004F1F84 /* Sources */,
				227C12231FF861B7004F1F84 /* Frameworks */,
				227C12241FF861B7004F1F84 /* Headers */,
				227C12251FF861B7004F1F84 /* Resources */,
			);
			buildRules = (
			);
			dependencies = (
			);
			name = USDAFoodCompositionDatabasesAPI;
			productName = USDAFoodCompositionDatabasesAPI;
			productReference = 227C12271FF861B7004F1F84 /* USDAFoodCompositionDatabasesAPI.framework */;
			productType = "com.apple.product-type.framework";
		};
		227C122F1FF861B7004F1F84 /* USDAFoodCompositionDatabasesAPITests */ = {
			isa = PBXNativeTarget;
			buildConfigurationList = 227C123E1FF861B7004F1F84 /* Build configuration list for PBXNativeTarget "USDAFoodCompositionDatabasesAPITests" */;
			buildPhases = (
				227C122C1FF861B7004F1F84 /* Sources */,
				227C122D1FF861B7004F1F84 /* Frameworks */,
				227C122E1FF861B7004F1F84 /* Resources */,
			);
			buildRules = (
			);
			dependencies = (
				227C12331FF861B7004F1F84 /* PBXTargetDependency */,
			);
			name = USDAFoodCompositionDatabasesAPITests;
			productName = USDAFoodCompositionDatabasesAPITests;
			productReference = 227C12301FF861B7004F1F84 /* USDAFoodCompositionDatabasesAPITests.xctest */;
			productType = "com.apple.product-type.bundle.unit-test";
		};
/* End PBXNativeTarget section */

/* Begin PBXProject section */
		227C121E1FF861B7004F1F84 /* Project object */ = {
			isa = PBXProject;
			attributes = {
				LastSwiftUpdateCheck = 0920;
				LastUpgradeCheck = 0920;
				ORGANIZATIONNAME = "Jacob Christie";
				TargetAttributes = {
					227C12261FF861B7004F1F84 = {
						CreatedOnToolsVersion = 9.2;
						LastSwiftMigration = 0920;
						ProvisioningStyle = Automatic;
					};
					227C122F1FF861B7004F1F84 = {
						CreatedOnToolsVersion = 9.2;
						ProvisioningStyle = Automatic;
					};
				};
			};
			buildConfigurationList = 227C12211FF861B7004F1F84 /* Build configuration list for PBXProject "USDAFoodCompositionDatabasesAPI" */;
			compatibilityVersion = "Xcode 8.0";
			developmentRegion = en;
			hasScannedForEncodings = 0;
			knownRegions = (
				en,
			);
			mainGroup = 227C121D1FF861B7004F1F84;
			productRefGroup = 227C12281FF861B7004F1F84 /* Products */;
			projectDirPath = "";
			projectRoot = "";
			targets = (
				227C12261FF861B7004F1F84 /* USDAFoodCompositionDatabasesAPI */,
				227C122F1FF861B7004F1F84 /* USDAFoodCompositionDatabasesAPITests */,
			);
		};
/* End PBXProject section */

/* Begin PBXResourcesBuildPhase section */
		227C12251FF861B7004F1F84 /* Resources */ = {
			isa = PBXResourcesBuildPhase;
			buildActionMask = 2147483647;
			files = (
			);
			runOnlyForDeploymentPostprocessing = 0;
		};
		227C122E1FF861B7004F1F84 /* Resources */ = {
			isa = PBXResourcesBuildPhase;
			buildActionMask = 2147483647;
			files = (
			);
			runOnlyForDeploymentPostprocessing = 0;
		};
/* End PBXResourcesBuildPhase section */

/* Begin PBXSourcesBuildPhase section */
		227C12221FF861B7004F1F84 /* Sources */ = {
			isa = PBXSourcesBuildPhase;
			buildActionMask = 2147483647;
			files = (
				227C12731FF88071004F1F84 /* ListReport+Item.swift in Sources */,
				227C12761FF88071004F1F84 /* FoodReport+Description.swift in Sources */,
				227C12721FF88071004F1F84 /* ListReport.swift in Sources */,
				227C127D1FF88071004F1F84 /* USDAAPI.swift in Sources */,
				227C12751FF88071004F1F84 /* SearchReport+Item.swift in Sources */,
				227C12791FF88071004F1F84 /* FoodReport+Nutrient.swift in Sources */,
				227C12741FF88071004F1F84 /* SearchReport.swift in Sources */,
				227C127A1FF88071004F1F84 /* FoodReport+Ingredient.swift in Sources */,
				227C12771FF88071004F1F84 /* FoodReport.swift in Sources */,
				227C127B1FF88071004F1F84 /* NutrientReport.swift in Sources */,
				227C12781FF88071004F1F84 /* FoodReport+Bibliography.swift in Sources */,
				227C127C1FF88071004F1F84 /* NutrientReport+Food.swift in Sources */,
			);
			runOnlyForDeploymentPostprocessing = 0;
		};
		227C122C1FF861B7004F1F84 /* Sources */ = {
			isa = PBXSourcesBuildPhase;
			buildActionMask = 2147483647;
			files = (
				227C12361FF861B7004F1F84 /* USDAFoodCompositionDatabasesAPITests.swift in Sources */,
			);
			runOnlyForDeploymentPostprocessing = 0;
		};
/* End PBXSourcesBuildPhase section */

/* Begin PBXTargetDependency section */
		227C12331FF861B7004F1F84 /* PBXTargetDependency */ = {
			isa = PBXTargetDependency;
			target = 227C12261FF861B7004F1F84 /* USDAFoodCompositionDatabasesAPI */;
			targetProxy = 227C12321FF861B7004F1F84 /* PBXContainerItemProxy */;
		};
/* End PBXTargetDependency section */

/* Begin XCBuildConfiguration section */
		227C12391FF861B7004F1F84 /* Debug */ = {
			isa = XCBuildConfiguration;
			buildSettings = {
				ALWAYS_SEARCH_USER_PATHS = NO;
				CLANG_ANALYZER_NONNULL = YES;
				CLANG_ANALYZER_NUMBER_OBJECT_CONVERSION = YES_AGGRESSIVE;
				CLANG_CXX_LANGUAGE_STANDARD = "gnu++14";
				CLANG_CXX_LIBRARY = "libc++";
				CLANG_ENABLE_MODULES = YES;
				CLANG_ENABLE_OBJC_ARC = YES;
				CLANG_WARN_BLOCK_CAPTURE_AUTORELEASING = YES;
				CLANG_WARN_BOOL_CONVERSION = YES;
				CLANG_WARN_COMMA = YES;
				CLANG_WARN_CONSTANT_CONVERSION = YES;
				CLANG_WARN_DIRECT_OBJC_ISA_USAGE = YES_ERROR;
				CLANG_WARN_DOCUMENTATION_COMMENTS = YES;
				CLANG_WARN_EMPTY_BODY = YES;
				CLANG_WARN_ENUM_CONVERSION = YES;
				CLANG_WARN_INFINITE_RECURSION = YES;
				CLANG_WARN_INT_CONVERSION = YES;
				CLANG_WARN_NON_LITERAL_NULL_CONVERSION = YES;
				CLANG_WARN_OBJC_LITERAL_CONVERSION = YES;
				CLANG_WARN_OBJC_ROOT_CLASS = YES_ERROR;
				CLANG_WARN_RANGE_LOOP_ANALYSIS = YES;
				CLANG_WARN_STRICT_PROTOTYPES = YES;
				CLANG_WARN_SUSPICIOUS_MOVE = YES;
				CLANG_WARN_UNGUARDED_AVAILABILITY = YES_AGGRESSIVE;
				CLANG_WARN_UNREACHABLE_CODE = YES;
				CLANG_WARN__DUPLICATE_METHOD_MATCH = YES;
				CODE_SIGN_IDENTITY = "iPhone Developer";
				COPY_PHASE_STRIP = NO;
				CURRENT_PROJECT_VERSION = 1;
				DEBUG_INFORMATION_FORMAT = dwarf;
				ENABLE_STRICT_OBJC_MSGSEND = YES;
				ENABLE_TESTABILITY = YES;
				GCC_C_LANGUAGE_STANDARD = gnu11;
				GCC_DYNAMIC_NO_PIC = NO;
				GCC_NO_COMMON_BLOCKS = YES;
				GCC_OPTIMIZATION_LEVEL = 0;
				GCC_PREPROCESSOR_DEFINITIONS = (
					"DEBUG=1",
					"$(inherited)",
				);
				GCC_WARN_64_TO_32_BIT_CONVERSION = YES;
				GCC_WARN_ABOUT_RETURN_TYPE = YES_ERROR;
				GCC_WARN_UNDECLARED_SELECTOR = YES;
				GCC_WARN_UNINITIALIZED_AUTOS = YES_AGGRESSIVE;
				GCC_WARN_UNUSED_FUNCTION = YES;
				GCC_WARN_UNUSED_VARIABLE = YES;
				IPHONEOS_DEPLOYMENT_TARGET = 11.2;
				MTL_ENABLE_DEBUG_INFO = YES;
				ONLY_ACTIVE_ARCH = YES;
				SDKROOT = iphoneos;
				SWIFT_ACTIVE_COMPILATION_CONDITIONS = DEBUG;
				SWIFT_OPTIMIZATION_LEVEL = "-Onone";
				VERSIONING_SYSTEM = "apple-generic";
				VERSION_INFO_PREFIX = "";
			};
			name = Debug;
		};
		227C123A1FF861B7004F1F84 /* Release */ = {
			isa = XCBuildConfiguration;
			buildSettings = {
				ALWAYS_SEARCH_USER_PATHS = NO;
				CLANG_ANALYZER_NONNULL = YES;
				CLANG_ANALYZER_NUMBER_OBJECT_CONVERSION = YES_AGGRESSIVE;
				CLANG_CXX_LANGUAGE_STANDARD = "gnu++14";
				CLANG_CXX_LIBRARY = "libc++";
				CLANG_ENABLE_MODULES = YES;
				CLANG_ENABLE_OBJC_ARC = YES;
				CLANG_WARN_BLOCK_CAPTURE_AUTORELEASING = YES;
				CLANG_WARN_BOOL_CONVERSION = YES;
				CLANG_WARN_COMMA = YES;
				CLANG_WARN_CONSTANT_CONVERSION = YES;
				CLANG_WARN_DIRECT_OBJC_ISA_USAGE = YES_ERROR;
				CLANG_WARN_DOCUMENTATION_COMMENTS = YES;
				CLANG_WARN_EMPTY_BODY = YES;
				CLANG_WARN_ENUM_CONVERSION = YES;
				CLANG_WARN_INFINITE_RECURSION = YES;
				CLANG_WARN_INT_CONVERSION = YES;
				CLANG_WARN_NON_LITERAL_NULL_CONVERSION = YES;
				CLANG_WARN_OBJC_LITERAL_CONVERSION = YES;
				CLANG_WARN_OBJC_ROOT_CLASS = YES_ERROR;
				CLANG_WARN_RANGE_LOOP_ANALYSIS = YES;
				CLANG_WARN_STRICT_PROTOTYPES = YES;
				CLANG_WARN_SUSPICIOUS_MOVE = YES;
				CLANG_WARN_UNGUARDED_AVAILABILITY = YES_AGGRESSIVE;
				CLANG_WARN_UNREACHABLE_CODE = YES;
				CLANG_WARN__DUPLICATE_METHOD_MATCH = YES;
				CODE_SIGN_IDENTITY = "iPhone Developer";
				COPY_PHASE_STRIP = NO;
				CURRENT_PROJECT_VERSION = 1;
				DEBUG_INFORMATION_FORMAT = "dwarf-with-dsym";
				ENABLE_NS_ASSERTIONS = NO;
				ENABLE_STRICT_OBJC_MSGSEND = YES;
				GCC_C_LANGUAGE_STANDARD = gnu11;
				GCC_NO_COMMON_BLOCKS = YES;
				GCC_WARN_64_TO_32_BIT_CONVERSION = YES;
				GCC_WARN_ABOUT_RETURN_TYPE = YES_ERROR;
				GCC_WARN_UNDECLARED_SELECTOR = YES;
				GCC_WARN_UNINITIALIZED_AUTOS = YES_AGGRESSIVE;
				GCC_WARN_UNUSED_FUNCTION = YES;
				GCC_WARN_UNUSED_VARIABLE = YES;
				IPHONEOS_DEPLOYMENT_TARGET = 11.2;
				MTL_ENABLE_DEBUG_INFO = NO;
				SDKROOT = iphoneos;
				SWIFT_OPTIMIZATION_LEVEL = "-Owholemodule";
				VALIDATE_PRODUCT = YES;
				VERSIONING_SYSTEM = "apple-generic";
				VERSION_INFO_PREFIX = "";
			};
			name = Release;
		};
		227C123C1FF861B7004F1F84 /* Debug */ = {
			isa = XCBuildConfiguration;
			buildSettings = {
				CLANG_ENABLE_MODULES = YES;
				CODE_SIGN_IDENTITY = "";
				CODE_SIGN_STYLE = Automatic;
				DEFINES_MODULE = YES;
				DEVELOPMENT_TEAM = 22P45MFCY2;
				DYLIB_COMPATIBILITY_VERSION = 1;
				DYLIB_CURRENT_VERSION = 1;
				DYLIB_INSTALL_NAME_BASE = "@rpath";
				INFOPLIST_FILE = USDAFoodCompositionDatabasesAPI/Info.plist;
				INSTALL_PATH = "$(LOCAL_LIBRARY_DIR)/Frameworks";
				LD_RUNPATH_SEARCH_PATHS = "$(inherited) @executable_path/Frameworks @loader_path/Frameworks";
				PRODUCT_BUNDLE_IDENTIFIER = com.jc.USDAFoodCompositionDatabasesAPI;
				PRODUCT_NAME = "$(TARGET_NAME:c99extidentifier)";
				SKIP_INSTALL = YES;
				SWIFT_OPTIMIZATION_LEVEL = "-Onone";
				SWIFT_VERSION = 4.0;
				TARGETED_DEVICE_FAMILY = "1,2";
			};
			name = Debug;
		};
		227C123D1FF861B7004F1F84 /* Release */ = {
			isa = XCBuildConfiguration;
			buildSettings = {
				CLANG_ENABLE_MODULES = YES;
				CODE_SIGN_IDENTITY = "";
				CODE_SIGN_STYLE = Automatic;
				DEFINES_MODULE = YES;
				DEVELOPMENT_TEAM = 22P45MFCY2;
				DYLIB_COMPATIBILITY_VERSION = 1;
				DYLIB_CURRENT_VERSION = 1;
				DYLIB_INSTALL_NAME_BASE = "@rpath";
				INFOPLIST_FILE = USDAFoodCompositionDatabasesAPI/Info.plist;
				INSTALL_PATH = "$(LOCAL_LIBRARY_DIR)/Frameworks";
				LD_RUNPATH_SEARCH_PATHS = "$(inherited) @executable_path/Frameworks @loader_path/Frameworks";
				PRODUCT_BUNDLE_IDENTIFIER = com.jc.USDAFoodCompositionDatabasesAPI;
				PRODUCT_NAME = "$(TARGET_NAME:c99extidentifier)";
				SKIP_INSTALL = YES;
				SWIFT_VERSION = 4.0;
				TARGETED_DEVICE_FAMILY = "1,2";
			};
			name = Release;
		};
		227C123F1FF861B7004F1F84 /* Debug */ = {
			isa = XCBuildConfiguration;
			buildSettings = {
				ALWAYS_EMBED_SWIFT_STANDARD_LIBRARIES = YES;
				CODE_SIGN_STYLE = Automatic;
				DEVELOPMENT_TEAM = 22P45MFCY2;
				INFOPLIST_FILE = USDAFoodCompositionDatabasesAPITests/Info.plist;
				LD_RUNPATH_SEARCH_PATHS = "$(inherited) @executable_path/Frameworks @loader_path/Frameworks";
				PRODUCT_BUNDLE_IDENTIFIER = com.jc.USDAFoodCompositionDatabasesAPITests;
				PRODUCT_NAME = "$(TARGET_NAME)";
				SWIFT_VERSION = 4.0;
				TARGETED_DEVICE_FAMILY = "1,2";
			};
			name = Debug;
		};
		227C12401FF861B7004F1F84 /* Release */ = {
			isa = XCBuildConfiguration;
			buildSettings = {
				ALWAYS_EMBED_SWIFT_STANDARD_LIBRARIES = YES;
				CODE_SIGN_STYLE = Automatic;
				DEVELOPMENT_TEAM = 22P45MFCY2;
				INFOPLIST_FILE = USDAFoodCompositionDatabasesAPITests/Info.plist;
				LD_RUNPATH_SEARCH_PATHS = "$(inherited) @executable_path/Frameworks @loader_path/Frameworks";
				PRODUCT_BUNDLE_IDENTIFIER = com.jc.USDAFoodCompositionDatabasesAPITests;
				PRODUCT_NAME = "$(TARGET_NAME)";
				SWIFT_VERSION = 4.0;
				TARGETED_DEVICE_FAMILY = "1,2";
			};
			name = Release;
		};
/* End XCBuildConfiguration section */

/* Begin XCConfigurationList section */
		227C12211FF861B7004F1F84 /* Build configuration list for PBXProject "USDAFoodCompositionDatabasesAPI" */ = {
			isa = XCConfigurationList;
			buildConfigurations = (
				227C12391FF861B7004F1F84 /* Debug */,
				227C123A1FF861B7004F1F84 /* Release */,
			);
			defaultConfigurationIsVisible = 0;
			defaultConfigurationName = Release;
		};
		227C123B1FF861B7004F1F84 /* Build configuration list for PBXNativeTarget "USDAFoodCompositionDatabasesAPI" */ = {
			isa = XCConfigurationList;
			buildConfigurations = (
				227C123C1FF861B7004F1F84 /* Debug */,
				227C123D1FF861B7004F1F84 /* Release */,
			);
			defaultConfigurationIsVisible = 0;
			defaultConfigurationName = Release;
		};
		227C123E1FF861B7004F1F84 /* Build configuration list for PBXNativeTarget "USDAFoodCompositionDatabasesAPITests" */ = {
			isa = XCConfigurationList;
			buildConfigurations = (
				227C123F1FF861B7004F1F84 /* Debug */,
				227C12401FF861B7004F1F84 /* Release */,
			);
			defaultConfigurationIsVisible = 0;
			defaultConfigurationName = Release;
		};
/* End XCConfigurationList section */
	};
	rootObject = 227C121E1FF861B7004F1F84 /* Project object */;
}
